dependencies:
  cmd_system:
    dependencies: []
    source:
      path: D:\espidf5.5.5\.espressif\v5.5.5\esp-idf\examples\system\console\advanced\components\cmd_system
      type: local
    version: '*'
  esp-qa/ping-cmd:
    component_hash: fe97de564088c2152234a27135e04b1db0b6a1f2075a684369f4a1f537502005
    dependencies:
    - name: idf
      require: private
      version: '>=4.3'
    source:
      registry_url: https://components.espressif.com/
      type: service
    version: 1.0.0
  esp-qa/wifi-cmd:
    component_hash: ea5f761ae07395c593f66a4987262fbb6205b7a6d75d017da084efea0674f545
    dependencies:
    - name: idf
      require: private
      version: '>=4.3'
    source:
      registry_url: https://components.espressif.com/
      type: service
    version: 0.2.12
  espressif/iperf:
    component_hash: f4c2beaae50478a626995130d2611c628b7a568cd0799022758c05658928410c
    dependencies:
    - name: idf
      require: private
      version: '>=4.3'
    source:
      registry_url: https://components.espressif.com/
      type: service
    version: 0.1.4
  espressif/iperf-cmd:
    component_hash: 1bb639fa395a34c72a1dacf53342c798c4c7d56731b370c5efc75063e831bf32
    dependencies:
    - name: espressif/iperf
      registry_url: https://components.espressif.com
      require: private
      version: =0.1.4
    - name: idf
      require: private
      version: '>=4.3'
    source:
      registry_url: https://components.espressif.com/
      type: service
    version: 0.1.4
  idf:
    source:
      type: idf
    version: 5.5.5
direct_dependencies:
- cmd_system
- esp-qa/ping-cmd
- esp-qa/wifi-cmd
- espressif/iperf
- espressif/iperf-cmd
manifest_hash: 2753514c0c44765d7473a53c74a8214d0aa79637242e9c3f3f71d34a26e5a09c
target: esp32c6
version: 2.0.0
